Microsoft Visual Studio Solution File, Format Version 12.00
# Visual Studio 15
VisualStudioVersion = 15.0.26430.16
MinimumVisualStudioVersion = 10.0.40219.1
Project("{FAE04EC0-301F-11D3-BF4B-00C04F79EFBC}") = "SQLFactory", "Core\SQLFactory.csproj", "{00835184-82D5-4720-8750-F99A7209730A}"
EndProject
Project("{FAE04EC0-301F-11D3-BF4B-00C04F79EFBC}") = "SQLFactory.Sample", "samples\SQLFactory.Sample.csproj", "{51847777-C71E-40C7-9E55-A94F508DB7BE}"
EndProject
Project("{2150E333-8FDC-42A3-9474-1A3956D46DE8}") = "Sample", "Sample", "{23886B82-BBB6-4AF3-BA77-D9904564655D}"
EndProject
Project("{2150E333-8FDC-42A3-9474-1A3956D46DE8}") = "Core", "Core", "{6CDC25E6-EE8C-40BB-A354-4D2A1781F449}"
EndProject
Project("{FAE04EC0-301F-11D3-BF4B-00C04F79EFBC}") = "RealLifeExample", "RealLifeExample\RealLifeExample.csproj", "{E502091E-B7A7-4BB3-8D81-AE77BFE30826}"
EndProject
Project("{2150E333-8FDC-42A3-9474-1A3956D46DE8}") = "Tools", "Tools", "{66CF49A6-A74C-48AE-B67D-330865DC282E}"
EndProject
Project("{FAE04EC0-301F-11D3-BF4B-00C04F79EFBC}") = "SQLFactory.ObjectDumper", "ObjectDumper\SQLFactory.ObjectDumper.csproj", "{B5B41E5F-6C2E-4D35-912A-1C5CDD335FCC}"
EndProject
Project("{2150E333-8FDC-42A3-9474-1A3956D46DE8}") = "Tests", "Tests", "{A6A048A1-0FFC-41D3-A919-AB53CF4454A5}"
EndProject
Project("{FAE04EC0-301F-11D3-BF4B-00C04F79EFBC}") = "SQLFactory.Tests", "Tests\SQLFactory.Tests.csproj", "{602464F1-7A5E-47CF-B6A3-3CCAAC7036C6}"
EndProject
Global
	GlobalSection(SolutionConfigurationPlatforms) = preSolution
		Debug|Any CPU = Debug|Any CPU
		Debug|Mixed Platforms = Debug|Mixed Platforms
		Release|Any CPU = Release|Any CPU
		Release|Mixed Platforms = Release|Mixed Platforms
	EndGlobalSection
	GlobalSection(ProjectConfigurationPlatforms) = postSolution
		{00835184-82D5-4720-8750-F99A7209730A}.Debug|Any CPU.ActiveCfg = Debug|Any CPU
		{00835184-82D5-4720-8750-F99A7209730A}.Debug|Any CPU.Build.0 = Debug|Any CPU
		{00835184-82D5-4720-8750-F99A7209730A}.Debug|Mixed Platforms.ActiveCfg = Debug|Any CPU
		{00835184-82D5-4720-8750-F99A7209730A}.Debug|Mixed Platforms.Build.0 = Debug|Any CPU
		{00835184-82D5-4720-8750-F99A7209730A}.Release|Any CPU.ActiveCfg = Release|Any CPU
		{00835184-82D5-4720-8750-F99A7209730A}.Release|Any CPU.Build.0 = Release|Any CPU
		{00835184-82D5-4720-8750-F99A7209730A}.Release|Mixed Platforms.ActiveCfg = Release|Any CPU
		{00835184-82D5-4720-8750-F99A7209730A}.Release|Mixed Platforms.Build.0 = Release|Any CPU
		{51847777-C71E-40C7-9E55-A94F508DB7BE}.Debug|Any CPU.ActiveCfg = Debug|Any CPU
		{51847777-C71E-40C7-9E55-A94F508DB7BE}.Debug|Mixed Platforms.ActiveCfg = Debug|Any CPU
		{51847777-C71E-40C7-9E55-A94F508DB7BE}.Release|Any CPU.ActiveCfg = Release|Any CPU
		{51847777-C71E-40C7-9E55-A94F508DB7BE}.Release|Mixed Platforms.ActiveCfg = Release|Any CPU
		{E502091E-B7A7-4BB3-8D81-AE77BFE30826}.Debug|Any CPU.ActiveCfg = Debug|Any CPU
		{E502091E-B7A7-4BB3-8D81-AE77BFE30826}.Debug|Mixed Platforms.ActiveCfg = Debug|Any CPU
		{E502091E-B7A7-4BB3-8D81-AE77BFE30826}.Release|Any CPU.ActiveCfg = Release|Any CPU
		{E502091E-B7A7-4BB3-8D81-AE77BFE30826}.Release|Mixed Platforms.ActiveCfg = Release|Any CPU
		{B5B41E5F-6C2E-4D35-912A-1C5CDD335FCC}.Debug|Any CPU.ActiveCfg = Debug|Any CPU
		{B5B41E5F-6C2E-4D35-912A-1C5CDD335FCC}.Debug|Any CPU.Build.0 = Debug|Any CPU
		{B5B41E5F-6C2E-4D35-912A-1C5CDD335FCC}.Debug|Mixed Platforms.ActiveCfg = Debug|Any CPU
		{B5B41E5F-6C2E-4D35-912A-1C5CDD335FCC}.Debug|Mixed Platforms.Build.0 = Debug|Any CPU
		{B5B41E5F-6C2E-4D35-912A-1C5CDD335FCC}.Release|Any CPU.ActiveCfg = Release|Any CPU
		{B5B41E5F-6C2E-4D35-912A-1C5CDD335FCC}.Release|Mixed Platforms.ActiveCfg = Release|Any CPU
		{B5B41E5F-6C2E-4D35-912A-1C5CDD335FCC}.Release|Mixed Platforms.Build.0 = Release|Any CPU
		{602464F1-7A5E-47CF-B6A3-3CCAAC7036C6}.Debug|Any CPU.ActiveCfg = Debug|Any CPU
		{602464F1-7A5E-47CF-B6A3-3CCAAC7036C6}.Debug|Any CPU.Build.0 = Debug|Any CPU
		{602464F1-7A5E-47CF-B6A3-3CCAAC7036C6}.Debug|Mixed Platforms.ActiveCfg = Debug|Any CPU
		{602464F1-7A5E-47CF-B6A3-3CCAAC7036C6}.Debug|Mixed Platforms.Build.0 = Debug|Any CPU
		{602464F1-7A5E-47CF-B6A3-3CCAAC7036C6}.Release|Any CPU.ActiveCfg = Release|Any CPU
		{602464F1-7A5E-47CF-B6A3-3CCAAC7036C6}.Release|Mixed Platforms.ActiveCfg = Release|Any CPU
		{602464F1-7A5E-47CF-B6A3-3CCAAC7036C6}.Release|Mixed Platforms.Build.0 = Release|Any CPU
	EndGlobalSection
	GlobalSection(SolutionProperties) = preSolution
		HideSolutionNode = FALSE
	EndGlobalSection
	GlobalSection(NestedProjects) = preSolution
		{00835184-82D5-4720-8750-F99A7209730A} = {6CDC25E6-EE8C-40BB-A354-4D2A1781F449}
		{51847777-C71E-40C7-9E55-A94F508DB7BE} = {23886B82-BBB6-4AF3-BA77-D9904564655D}
		{E502091E-B7A7-4BB3-8D81-AE77BFE30826} = {23886B82-BBB6-4AF3-BA77-D9904564655D}
		{B5B41E5F-6C2E-4D35-912A-1C5CDD335FCC} = {66CF49A6-A74C-48AE-B67D-330865DC282E}
		{602464F1-7A5E-47CF-B6A3-3CCAAC7036C6} = {A6A048A1-0FFC-41D3-A919-AB53CF4454A5}
	EndGlobalSection
EndGlobal
