Microsoft Visual Studio Solution File, Format Version 12.00
# Visual Studio Version 17
VisualStudioVersion = 17.2.32630.192
MinimumVisualStudioVersion = 10.0.40219.1
Project("{9A19103F-16F7-4668-BE54-9A1E7A4F7556}") = "SQLFactory", "Core\SQLFactory.csproj", "{00835184-82D5-4720-8750-F99A7209730A}"
EndProject
Project("{9A19103F-16F7-4668-BE54-9A1E7A4F7556}") = "SQLFactory.Sample", "samples\SQLFactory.Sample.csproj", "{51847777-C71E-40C7-9E55-A94F508DB7BE}"
EndProject
Project("{2150E333-8FDC-42A3-9474-1A3956D46DE8}") = "Sample", "Sample", "{23886B82-BBB6-4AF3-BA77-D9904564655D}"
EndProject
Project("{2150E333-8FDC-42A3-9474-1A3956D46DE8}") = "Core", "Core", "{6CDC25E6-EE8C-40BB-A354-4D2A1781F449}"
EndProject
Project("{FAE04EC0-301F-11D3-BF4B-00C04F79EFBC}") = "RealLifeExample", "RealLifeExample\RealLifeExample.csproj", "{E502091E-B7A7-4BB3-8D81-AE77BFE30826}"
EndProject
Project("{9A19103F-16F7-4668-BE54-9A1E7A4F7556}") = "DatabaseRealExample", "DatabaseRealExample\DatabaseRealExample.csproj", "{8457BAEB-7FFB-4B3C-9709-4DB734023E3A}"
EndProject
Global
	GlobalSection(SolutionConfigurationPlatforms) = preSolution
		Debug|Any CPU = Debug|Any CPU
		Debug|Mixed Platforms = Debug|Mixed Platforms
		Release|Any CPU = Release|Any CPU
		Release|Mixed Platforms = Release|Mixed Platforms
	EndGlobalSection
	GlobalSection(ProjectConfigurationPlatforms) = postSolution
		{00835184-82D5-4720-8750-F99A7209730A}.Debug|Any CPU.ActiveCfg = Debug|Any CPU
		{00835184-82D5-4720-8750-F99A7209730A}.Debug|Any CPU.Build.0 = Debug|Any CPU
		{00835184-82D5-4720-8750-F99A7209730A}.Debug|Mixed Platforms.ActiveCfg = Debug|Any CPU
		{00835184-82D5-4720-8750-F99A7209730A}.Debug|Mixed Platforms.Build.0 = Debug|Any CPU
		{00835184-82D5-4720-8750-F99A7209730A}.Release|Any CPU.ActiveCfg = Release|Any CPU
		{00835184-82D5-4720-8750-F99A7209730A}.Release|Any CPU.Build.0 = Release|Any CPU
		{00835184-82D5-4720-8750-F99A7209730A}.Release|Mixed Platforms.ActiveCfg = Release|Any CPU
		{00835184-82D5-4720-8750-F99A7209730A}.Release|Mixed Platforms.Build.0 = Release|Any CPU
		{51847777-C71E-40C7-9E55-A94F508DB7BE}.Debug|Any CPU.ActiveCfg = Debug|Any CPU
		{51847777-C71E-40C7-9E55-A94F508DB7BE}.Debug|Mixed Platforms.ActiveCfg = Debug|Any CPU
		{51847777-C71E-40C7-9E55-A94F508DB7BE}.Release|Any CPU.ActiveCfg = Release|Any CPU
		{51847777-C71E-40C7-9E55-A94F508DB7BE}.Release|Mixed Platforms.ActiveCfg = Release|Any CPU
		{E502091E-B7A7-4BB3-8D81-AE77BFE30826}.Debug|Any CPU.ActiveCfg = Debug|Any CPU
		{E502091E-B7A7-4BB3-8D81-AE77BFE30826}.Debug|Mixed Platforms.ActiveCfg = Debug|Any CPU
		{E502091E-B7A7-4BB3-8D81-AE77BFE30826}.Release|Any CPU.ActiveCfg = Release|Any CPU
		{E502091E-B7A7-4BB3-8D81-AE77BFE30826}.Release|Mixed Platforms.ActiveCfg = Release|Any CPU
		{8457BAEB-7FFB-4B3C-9709-4DB734023E3A}.Debug|Any CPU.ActiveCfg = Debug|Any CPU
		{8457BAEB-7FFB-4B3C-9709-4DB734023E3A}.Debug|Any CPU.Build.0 = Debug|Any CPU
		{8457BAEB-7FFB-4B3C-9709-4DB734023E3A}.Debug|Mixed Platforms.ActiveCfg = Debug|Any CPU
		{8457BAEB-7FFB-4B3C-9709-4DB734023E3A}.Debug|Mixed Platforms.Build.0 = Debug|Any CPU
		{8457BAEB-7FFB-4B3C-9709-4DB734023E3A}.Release|Any CPU.ActiveCfg = Release|Any CPU
		{8457BAEB-7FFB-4B3C-9709-4DB734023E3A}.Release|Any CPU.Build.0 = Release|Any CPU
		{8457BAEB-7FFB-4B3C-9709-4DB734023E3A}.Release|Mixed Platforms.ActiveCfg = Release|Any CPU
		{8457BAEB-7FFB-4B3C-9709-4DB734023E3A}.Release|Mixed Platforms.Build.0 = Release|Any CPU
	EndGlobalSection
	GlobalSection(SolutionProperties) = preSolution
		HideSolutionNode = FALSE
	EndGlobalSection
	GlobalSection(NestedProjects) = preSolution
		{00835184-82D5-4720-8750-F99A7209730A} = {6CDC25E6-EE8C-40BB-A354-4D2A1781F449}
		{51847777-C71E-40C7-9E55-A94F508DB7BE} = {23886B82-BBB6-4AF3-BA77-D9904564655D}
		{E502091E-B7A7-4BB3-8D81-AE77BFE30826} = {23886B82-BBB6-4AF3-BA77-D9904564655D}
		{8457BAEB-7FFB-4B3C-9709-4DB734023E3A} = {23886B82-BBB6-4AF3-BA77-D9904564655D}
	EndGlobalSection
	GlobalSection(ExtensibilityGlobals) = postSolution
		SolutionGuid = {29F352D8-3712-4617-9805-3A18AB6EB3C6}
	EndGlobalSection
EndGlobal
